
Microsoft Visual Studio Solution File, Format Version 12.00
# Visual Studio Version 17
VisualStudioVersion = 17.3.32901.215
MinimumVisualStudioVersion = 10.0.40219.1
Project("{9A19103F-16F7-4668-BE54-9A1E7A4F7556}") = "MitchfenSite", "src\MitchfenSite.csproj", "{F4363857-CB50-41C2-8712-5B3CA6DE44EB}"
EndProject
Project("{9A19103F-16F7-4668-BE54-9A1E7A4F7556}") = "NukeBuild", "build\NukeBuild.csproj", "{50F30C74-078D-4540-B309-838D70AA7435}"
EndProject
Global
	GlobalSection(SolutionConfigurationPlatforms) = preSolution
		Debug|Any CPU = Debug|Any CPU
		Release|Any CPU = Release|Any CPU
	EndGlobalSection
	GlobalSection(ProjectConfigurationPlatforms) = postSolution
		{F4363857-CB50-41C2-8712-5B3CA6DE44EB}.Debug|Any CPU.ActiveCfg = Debug|Any CPU
		{F4363857-CB50-41C2-8712-5B3CA6DE44EB}.Debug|Any CPU.Build.0 = Debug|Any CPU
		{F4363857-CB50-41C2-8712-5B3CA6DE44EB}.Release|Any CPU.ActiveCfg = Release|Any CPU
		{F4363857-CB50-41C2-8712-5B3CA6DE44EB}.Release|Any CPU.Build.0 = Release|Any CPU
		{50F30C74-078D-4540-B309-838D70AA7435}.Debug|Any CPU.ActiveCfg = Debug|Any CPU
		{50F30C74-078D-4540-B309-838D70AA7435}.Release|Any CPU.ActiveCfg = Release|Any CPU
	EndGlobalSection
	GlobalSection(SolutionProperties) = preSolution
		HideSolutionNode = FALSE
	EndGlobalSection
	GlobalSection(ExtensibilityGlobals) = postSolution
		SolutionGuid = {5C70563A-A545-44B6-8F55-0066332376E0}
	EndGlobalSection
EndGlobal
