{
  "version": 2,
  "dependencies": {
    "net8.0": {
      "Microsoft.AspNetCore.Components.WebAssembly": {
        "type": "Direct",
        "requested": "[8.0.0-rc.1.23421.29, )",
        "resolved": "8.0.0-rc.1.23421.29",
        "contentHash": "wGckbGesVI9EybwJNuBUuox7rJB0V8yji4kssuBzUgqACTlwGomI86Hq8YnVygS+U4ZJB4SFJQ5oIm3INlOm4g==",
        "dependencies": {
          "Microsoft.AspNetCore.Components.Web": "8.0.0-rc.1.23421.29",
          "Microsoft.Extensions.Configuration.Binder": "8.0.0-rc.1.23419.4",
          "Microsoft.Extensions.Configuration.Json": "8.0.0-rc.1.23419.4",
          "Microsoft.Extensions.Logging": "8.0.0-rc.1.23419.4",
          "Microsoft.JSInterop.WebAssembly": "8.0.0-rc.1.23421.29"
        }
      },
      "Microsoft.AspNetCore.Components.WebAssembly.DevServer": {
        "type": "Direct",
        "requested": "[8.0.0-rc.1.23421.29, )",
        "resolved": "8.0.0-rc.1.23421.29",
        "contentHash": "a4qXovC+lDnbY4BaYDQXXFSMgWCXqQhPKowj6pQ0NRNBL9cCQnu2T/NDyddEdqaqP8VrDcUBlMQP8vzt5gz95A=="
      },
      "Microsoft.NET.ILLink.Tasks": {
        "type": "Direct",
        "requested": "[8.0.0-rc.2.23479.6, )",
        "resolved": "8.0.0-rc.2.23479.6",
        "contentHash": "neRDuxVI/tdf5yz/rLyD1kP3DkWx8uHTvb1wcqbjDn4QQDHmYHwcuHBnVVPYtBzMFmlVNmJMa91weUEhHx2z5A=="
      },
      "Microsoft.NET.Sdk.WebAssembly.Pack": {
        "type": "Direct",
        "requested": "[8.0.0-rc.2.23479.6, )",
        "resolved": "8.0.0-rc.2.23479.6",
        "contentHash": "JQeevOSElgK8NAs0mtps57sAthTqv2QfCud/PYaCEk1lHXB955WuoghbfixULdDni62JhJrCmr/hKaAnllAuNg=="
      },
      "Microsoft.AspNetCore.Authorization": {
        "type": "Transitive",
        "resolved": "8.0.0-rc.1.23421.29",
        "contentHash": "5pdFPvLVaxWal0KXGwFNY2QtVzZpXtAmeyUmc+CSizYTNtcrKhx/KJiJTe3I2oLaqMdg+HfEjWHlYi5qm08d6w==",
        "dependencies": {
          "Microsoft.AspNetCore.Metadata": "8.0.0-rc.1.23421.29",
          "Microsoft.Extensions.Logging.Abstractions": "8.0.0-rc.1.23419.4",
          "Microsoft.Extensions.Options": "8.0.0-rc.1.23419.4"
        }
      },
      "Microsoft.AspNetCore.Components": {
        "type": "Transitive",
        "resolved": "8.0.0-rc.1.23421.29",
        "contentHash": "/+hsWHiWNCjqJSBSoKOvSE+qH8le5Pq1yJ1RkWcG7VZjqTzlZ9gwt9hRieIEGYEesvOxX2TEj0xgc3B0a/Rs2g==",
        "dependencies": {
          "Microsoft.AspNetCore.Authorization": "8.0.0-rc.1.23421.29",
          "Microsoft.AspNetCore.Components.Analyzers": "8.0.0-rc.1.23421.29"
        }
      },
      "Microsoft.AspNetCore.Components.Analyzers": {
        "type": "Transitive",
        "resolved": "8.0.0-rc.1.23421.29",
        "contentHash": "Z2I05b5v/M564GkaKPYUnR6Dl24MhdVAcMZQgdnvY2qG+SHaUeqUKipGbQML6mVihTNYXk9aMs47LiBq8HvLXA=="
      },
      "Microsoft.AspNetCore.Components.Forms": {
        "type": "Transitive",
        "resolved": "8.0.0-rc.1.23421.29",
        "contentHash": "o6n6imjGSMVBSW/9G5lJ8oRcmOj3bqTnZ86TMASiQcXNQWSeTIrJa1eD1mJjmgpF9HV3LoQrFDZ73c3fqwTWpg==",
        "dependencies": {
          "Microsoft.AspNetCore.Components": "8.0.0-rc.1.23421.29"
        }
      },
      "Microsoft.AspNetCore.Components.Web": {
        "type": "Transitive",
        "resolved": "8.0.0-rc.1.23421.29",
        "contentHash": "5tEsq3s3Gjvi1B0QhKG7kxv26KnjXv6S+QBxfazGO2ClEy5YqS5LLUcNU7K/or+NXkO8P2F13vIECnY2VyqOvw==",
        "dependencies": {
          "Microsoft.AspNetCore.Components": "8.0.0-rc.1.23421.29",
          "Microsoft.AspNetCore.Components.Forms": "8.0.0-rc.1.23421.29",
          "Microsoft.Extensions.DependencyInjection": "8.0.0-rc.1.23419.4",
          "Microsoft.Extensions.Primitives": "8.0.0-rc.1.23419.4",
          "Microsoft.JSInterop": "8.0.0-rc.1.23421.29",
          "System.IO.Pipelines": "8.0.0-rc.1.23419.4"
        }
      },
      "Microsoft.AspNetCore.Metadata": {
        "type": "Transitive",
        "resolved": "8.0.0-rc.1.23421.29",
        "contentHash": "N7ovD/ZcFv2+co6Ce6lpOLj9tfYgJeqXPEqeA7BzEk1kAZb4sfBFNDozv4PKh0+m8UocGtgoHC/sOUyVLwmu1A=="
      },
      "Microsoft.Extensions.Configuration": {
        "type": "Transitive",
        "resolved": "8.0.0-rc.1.23419.4",
        "contentHash": "NoIBM0qnZrl5o3em/5Qx4T3HcDruKdDVvm4PsG/wiuWawtwHRqaqkFjPS66lPnu1Kgzv+D1JJd+r4C5wPxXErw==",
        "dependencies": {
          "Microsoft.Extensions.Configuration.Abstractions": "8.0.0-rc.1.23419.4",
          "Microsoft.Extensions.Primitives": "8.0.0-rc.1.23419.4"
        }
      },
      "Microsoft.Extensions.Configuration.Abstractions": {
        "type": "Transitive",
        "resolved": "8.0.0-rc.1.23419.4",
        "contentHash": "tY5wKwXNZ6cBeyHxvxyLy57TxUaA6H82/vW8vTTmikG9bkfRzfyS0EEDloiPzL4ln8P+3aZxeAestjPC6942Kg==",
        "dependencies": {
          "Microsoft.Extensions.Primitives": "8.0.0-rc.1.23419.4"
        }
      },
      "Microsoft.Extensions.Configuration.Binder": {
        "type": "Transitive",
        "resolved": "8.0.0-rc.1.23419.4",
        "contentHash": "npSDU7QSVdMjIFasVVBygHTaSd3H6rJD9zBXb6tcmAO8D7chkCJ2MarAYVKDICT5I9Hfawxv7FitJFAgNVIn3w==",
        "dependencies": {
          "Microsoft.Extensions.Configuration.Abstractions": "8.0.0-rc.1.23419.4"
        }
      },
      "Microsoft.Extensions.Configuration.FileExtensions": {
        "type": "Transitive",
        "resolved": "8.0.0-rc.1.23419.4",
        "contentHash": "iYaN5hpzacJBmpod90Nlj0NSjNRzOiyctALo5PHFsFQz1p/M9ON+1q5ksbNsLf1+A8klxETo7NeGZd1gGYoJNA==",
        "dependencies": {
          "Microsoft.Extensions.Configuration": "8.0.0-rc.1.23419.4",
          "Microsoft.Extensions.Configuration.Abstractions": "8.0.0-rc.1.23419.4",
          "Microsoft.Extensions.FileProviders.Abstractions": "8.0.0-rc.1.23419.4",
          "Microsoft.Extensions.FileProviders.Physical": "8.0.0-rc.1.23419.4",
          "Microsoft.Extensions.Primitives": "8.0.0-rc.1.23419.4"
        }
      },
      "Microsoft.Extensions.Configuration.Json": {
        "type": "Transitive",
        "resolved": "8.0.0-rc.1.23419.4",
        "contentHash": "Ar58GHIQuWQgi7LG3bRheAjA8gRCZCvONm3AUMbeQN0tsljv5eimXvSVzaObz/qVOceXR2LKBLzlbo94aGmQPA==",
        "dependencies": {
          "Microsoft.Extensions.Configuration": "8.0.0-rc.1.23419.4",
          "Microsoft.Extensions.Configuration.Abstractions": "8.0.0-rc.1.23419.4",
          "Microsoft.Extensions.Configuration.FileExtensions": "8.0.0-rc.1.23419.4",
          "Microsoft.Extensions.FileProviders.Abstractions": "8.0.0-rc.1.23419.4",
          "System.Text.Json": "8.0.0-rc.1.23419.4"
        }
      },
      "Microsoft.Extensions.DependencyInjection": {
        "type": "Transitive",
        "resolved": "8.0.0-rc.1.23419.4",
        "contentHash": "q1M8U8Qhf0siOpZ0PRB7jZR8Um+Pnm4HgCL81hYDtIunWJmlqEGKjGWg/gl140K9imZUqLkePSVVQGlP7/Xo+A==",
        "dependencies": {
          "Microsoft.Extensions.DependencyInjection.Abstractions": "8.0.0-rc.1.23419.4"
        }
      },
      "Microsoft.Extensions.DependencyInjection.Abstractions": {
        "type": "Transitive",
        "resolved": "8.0.0-rc.1.23419.4",
        "contentHash": "SAv6AcbXKzvBq4kQAU5S9sW3ZOV7j4qLjqT+Iw6CLgqsSCgoJhmVvadtr8PUWaRfj4uVT9CX5V3zIojehtMq8w=="
      },
      "Microsoft.Extensions.FileProviders.Abstractions": {
        "type": "Transitive",
        "resolved": "8.0.0-rc.1.23419.4",
        "contentHash": "yFiU9oAF+abTk1gjMLrPRmzhz+ZJc0Q4S7NvK9EtzS0Sm1J8DcbzsRUi6r8eufvtmbGzk5KNPcpOo8ffAD9p0A==",
        "dependencies": {
          "Microsoft.Extensions.Primitives": "8.0.0-rc.1.23419.4"
        }
      },
      "Microsoft.Extensions.FileProviders.Physical": {
        "type": "Transitive",
        "resolved": "8.0.0-rc.1.23419.4",
        "contentHash": "z1ZzRTbiQ5L/fNhzTvziNBHPXRAsduSL+TUxV0aLhULchD7n7xzgVb6BL0NS8+VHL1LKdwkukD6lfGRFXrYQnA==",
        "dependencies": {
          "Microsoft.Extensions.FileProviders.Abstractions": "8.0.0-rc.1.23419.4",
          "Microsoft.Extensions.FileSystemGlobbing": "8.0.0-rc.1.23419.4",
          "Microsoft.Extensions.Primitives": "8.0.0-rc.1.23419.4"
        }
      },
      "Microsoft.Extensions.FileSystemGlobbing": {
        "type": "Transitive",
        "resolved": "8.0.0-rc.1.23419.4",
        "contentHash": "xlgxd2WH5CPc+vEVKoYr+0hA7+++FNdwrxfPnnF7jIULfAOOZgS3E66rfBhjIT6ewEa1rLIFiiXevP4ejm8nnQ=="
      },
      "Microsoft.Extensions.Logging": {
        "type": "Transitive",
        "resolved": "8.0.0-rc.1.23419.4",
        "contentHash": "n39LJSx0Mpl89hhT0DWTyPyGv/z60/Ygp0b4ZE1zNy9R8O42PrsK+XFdiaKtCnpOPezX2Jq07dFyZzpCqmIvzw==",
        "dependencies": {
          "Microsoft.Extensions.DependencyInjection": "8.0.0-rc.1.23419.4",
          "Microsoft.Extensions.Logging.Abstractions": "8.0.0-rc.1.23419.4",
          "Microsoft.Extensions.Options": "8.0.0-rc.1.23419.4"
        }
      },
      "Microsoft.Extensions.Logging.Abstractions": {
        "type": "Transitive",
        "resolved": "8.0.0-rc.1.23419.4",
        "contentHash": "jphvzZmIDCEwl5PkxegeiO0y+zeMRg92QtY0weVFy8tH9ySgb2EwX85B78H0FYTFixFApRlmsh/pEdEs+VKbZA==",
        "dependencies": {
          "Microsoft.Extensions.DependencyInjection.Abstractions": "8.0.0-rc.1.23419.4"
        }
      },
      "Microsoft.Extensions.Options": {
        "type": "Transitive",
        "resolved": "8.0.0-rc.1.23419.4",
        "contentHash": "fsKycFyh/aX7Vs9o/gOH+XBWRh5VB4iwV6xHZdvN9kDvJfBhCm2IQ/E+xaWa5KtX7tXOx0hclZ8ihK97ab3mPQ==",
        "dependencies": {
          "Microsoft.Extensions.DependencyInjection.Abstractions": "8.0.0-rc.1.23419.4",
          "Microsoft.Extensions.Primitives": "8.0.0-rc.1.23419.4"
        }
      },
      "Microsoft.Extensions.Primitives": {
        "type": "Transitive",
        "resolved": "8.0.0-rc.1.23419.4",
        "contentHash": "zyoB4zblhvpylS9VOmKyBuGH+RjKDsfi0cTB2KRPPDD6tFinpP+vGr3dictaNYLhGUg6jaBmq+2H/WZMCnvGDQ=="
      },
      "Microsoft.JSInterop": {
        "type": "Transitive",
        "resolved": "8.0.0-rc.1.23421.29",
        "contentHash": "WDmlFe/Zdgp/JrKyI6lUHWfXhPvSJyp2uFtPaZf/1lLhegOrK/PFyvjtUNxs8lKYm4tLpJ4PDNgzM596I0mszg=="
      },
      "Microsoft.JSInterop.WebAssembly": {
        "type": "Transitive",
        "resolved": "8.0.0-rc.1.23421.29",
        "contentHash": "jvAlNKs1YZz+84LzHPqy2qCdx/ROB0dChIBOKN0EHpYSsLjRmqZkZdKJWtX0pkSEHyDqjB0RPaBLJKVG7Tp0Ug==",
        "dependencies": {
          "Microsoft.JSInterop": "8.0.0-rc.1.23421.29"
        }
      },
      "System.IO.Pipelines": {
        "type": "Transitive",
        "resolved": "8.0.0-rc.1.23419.4",
        "contentHash": "Xha7Ev45lonwHcDCBUM52ps6dqI8p83mn/OjpBEiqW8dcmdw3lIqPLPj1pdDJOoBnznoEzXagA5nEw9WiEvEkg=="
      },
      "System.Text.Encodings.Web": {
        "type": "Transitive",
        "resolved": "8.0.0-rc.1.23419.4",
        "contentHash": "p7x+hBP1/7bC+KXeFARIUP00MHbm796rWB8iqO8Ag2ML6SB13qbs3240nvdHwA3vLpVEOMCFhrbJoJf81QDMiw=="
      },
      "System.Text.Json": {
        "type": "Transitive",
        "resolved": "8.0.0-rc.1.23419.4",
        "contentHash": "sXFoiHIhz/E5iQin+3oAyBvDww8eYjO0c1vZAico4X6Bbwezjl0Z32lmm4zXgUQ0ol/fl27OSEqWIw+ykWYWHg==",
        "dependencies": {
          "System.Text.Encodings.Web": "8.0.0-rc.1.23419.4"
        }
      }
    },
    "net8.0/browser-wasm": {
      "System.Text.Encodings.Web": {
        "type": "Transitive",
        "resolved": "8.0.0-rc.1.23419.4",
        "contentHash": "p7x+hBP1/7bC+KXeFARIUP00MHbm796rWB8iqO8Ag2ML6SB13qbs3240nvdHwA3vLpVEOMCFhrbJoJf81QDMiw=="
      }
    }
  }
}